
Microsoft Visual Studio Solution File, Format Version 12.00
# Visual Studio Version 16
VisualStudioVersion = 16.0.31410.357
MinimumVisualStudioVersion = 10.0.40219.1
Project("{2150E333-8FDC-42A3-9474-1A3956D46DE8}") = "src", "src", "{1AA14C4C-4EDC-45DE-8FDA-A8EF28DB149F}"
EndProject
Project("{2150E333-8FDC-42A3-9474-1A3956D46DE8}") = "Core", "Core", "{0F4BD245-9B19-453D-87D1-B8754532E1B9}"
EndProject
Project("{2150E333-8FDC-42A3-9474-1A3956D46DE8}") = "Infrastructure", "Infrastructure", "{F125AC5C-2CE6-4D18-9ED1-7787923B9440}"
EndProject
Project("{2150E333-8FDC-42A3-9474-1A3956D46DE8}") = "Presentation", "Presentation", "{A6ED0D63-846C-4161-8809-ACE83E5637F2}"
EndProject
Project("{9A19103F-16F7-4668-BE54-9A1E7A4F7556}") = "WebAPI", "WebAPI\WebAPI.csproj", "{D7FCCED3-DC36-48FF-8D51-2FD90225A32F}"
EndProject
Project("{9A19103F-16F7-4668-BE54-9A1E7A4F7556}") = "Persistence", "Persistence\Persistence.csproj", "{050E1ACF-BE81-4611-8403-95270EAFFAA5}"
EndProject
Project("{9A19103F-16F7-4668-BE54-9A1E7A4F7556}") = "Shared", "Shared\Shared.csproj", "{263246C1-6D0E-403F-8DBD-EC55A5B1D2C6}"
EndProject
Project("{9A19103F-16F7-4668-BE54-9A1E7A4F7556}") = "Domain", "Domain\Domain.csproj", "{3C5CE74B-62D5-452C-B879-A4FAA21EE1F6}"
EndProject
Project("{9A19103F-16F7-4668-BE54-9A1E7A4F7556}") = "Application", "Application\Application.csproj", "{54234772-67BF-49D2-A2AF-6E2973D7321E}"
EndProject
Project("{FAE04EC0-301F-11D3-BF4B-00C04F79EFBC}") = "Identity", "Identity\Identity.csproj", "{40A8061A-1140-4A1C-881A-402D42CF497D}"
EndProject
Global
	GlobalSection(SolutionConfigurationPlatforms) = preSolution
		Debug|Any CPU = Debug|Any CPU
		Release|Any CPU = Release|Any CPU
	EndGlobalSection
	GlobalSection(ProjectConfigurationPlatforms) = postSolution
		{D7FCCED3-DC36-48FF-8D51-2FD90225A32F}.Debug|Any CPU.ActiveCfg = Debug|Any CPU
		{D7FCCED3-DC36-48FF-8D51-2FD90225A32F}.Debug|Any CPU.Build.0 = Debug|Any CPU
		{D7FCCED3-DC36-48FF-8D51-2FD90225A32F}.Release|Any CPU.ActiveCfg = Release|Any CPU
		{D7FCCED3-DC36-48FF-8D51-2FD90225A32F}.Release|Any CPU.Build.0 = Release|Any CPU
		{050E1ACF-BE81-4611-8403-95270EAFFAA5}.Debug|Any CPU.ActiveCfg = Debug|Any CPU
		{050E1ACF-BE81-4611-8403-95270EAFFAA5}.Debug|Any CPU.Build.0 = Debug|Any CPU
		{050E1ACF-BE81-4611-8403-95270EAFFAA5}.Release|Any CPU.ActiveCfg = Release|Any CPU
		{050E1ACF-BE81-4611-8403-95270EAFFAA5}.Release|Any CPU.Build.0 = Release|Any CPU
		{263246C1-6D0E-403F-8DBD-EC55A5B1D2C6}.Debug|Any CPU.ActiveCfg = Debug|Any CPU
		{263246C1-6D0E-403F-8DBD-EC55A5B1D2C6}.Debug|Any CPU.Build.0 = Debug|Any CPU
		{263246C1-6D0E-403F-8DBD-EC55A5B1D2C6}.Release|Any CPU.ActiveCfg = Release|Any CPU
		{263246C1-6D0E-403F-8DBD-EC55A5B1D2C6}.Release|Any CPU.Build.0 = Release|Any CPU
		{3C5CE74B-62D5-452C-B879-A4FAA21EE1F6}.Debug|Any CPU.ActiveCfg = Debug|Any CPU
		{3C5CE74B-62D5-452C-B879-A4FAA21EE1F6}.Debug|Any CPU.Build.0 = Debug|Any CPU
		{3C5CE74B-62D5-452C-B879-A4FAA21EE1F6}.Release|Any CPU.ActiveCfg = Release|Any CPU
		{3C5CE74B-62D5-452C-B879-A4FAA21EE1F6}.Release|Any CPU.Build.0 = Release|Any CPU
		{54234772-67BF-49D2-A2AF-6E2973D7321E}.Debug|Any CPU.ActiveCfg = Debug|Any CPU
		{54234772-67BF-49D2-A2AF-6E2973D7321E}.Debug|Any CPU.Build.0 = Debug|Any CPU
		{54234772-67BF-49D2-A2AF-6E2973D7321E}.Release|Any CPU.ActiveCfg = Release|Any CPU
		{54234772-67BF-49D2-A2AF-6E2973D7321E}.Release|Any CPU.Build.0 = Release|Any CPU
		{40A8061A-1140-4A1C-881A-402D42CF497D}.Debug|Any CPU.ActiveCfg = Debug|Any CPU
		{40A8061A-1140-4A1C-881A-402D42CF497D}.Debug|Any CPU.Build.0 = Debug|Any CPU
		{40A8061A-1140-4A1C-881A-402D42CF497D}.Release|Any CPU.ActiveCfg = Release|Any CPU
		{40A8061A-1140-4A1C-881A-402D42CF497D}.Release|Any CPU.Build.0 = Release|Any CPU
	EndGlobalSection
	GlobalSection(SolutionProperties) = preSolution
		HideSolutionNode = FALSE
	EndGlobalSection
	GlobalSection(NestedProjects) = preSolution
		{0F4BD245-9B19-453D-87D1-B8754532E1B9} = {1AA14C4C-4EDC-45DE-8FDA-A8EF28DB149F}
		{F125AC5C-2CE6-4D18-9ED1-7787923B9440} = {1AA14C4C-4EDC-45DE-8FDA-A8EF28DB149F}
		{A6ED0D63-846C-4161-8809-ACE83E5637F2} = {1AA14C4C-4EDC-45DE-8FDA-A8EF28DB149F}
		{D7FCCED3-DC36-48FF-8D51-2FD90225A32F} = {A6ED0D63-846C-4161-8809-ACE83E5637F2}
		{050E1ACF-BE81-4611-8403-95270EAFFAA5} = {F125AC5C-2CE6-4D18-9ED1-7787923B9440}
		{263246C1-6D0E-403F-8DBD-EC55A5B1D2C6} = {F125AC5C-2CE6-4D18-9ED1-7787923B9440}
		{3C5CE74B-62D5-452C-B879-A4FAA21EE1F6} = {0F4BD245-9B19-453D-87D1-B8754532E1B9}
		{54234772-67BF-49D2-A2AF-6E2973D7321E} = {0F4BD245-9B19-453D-87D1-B8754532E1B9}
		{40A8061A-1140-4A1C-881A-402D42CF497D} = {F125AC5C-2CE6-4D18-9ED1-7787923B9440}
	EndGlobalSection
	GlobalSection(ExtensibilityGlobals) = postSolution
		SolutionGuid = {3D548740-8AEC-4782-9D98-64010CCC2FFB}
	EndGlobalSection
EndGlobal
